
Microsoft Visual Studio Solution File, Format Version 12.00
# Visual Studio 15
VisualStudioVersion = 15.0.27703.2026
MinimumVisualStudioVersion = 10.0.40219.1
Project("{FAE04EC0-301F-11D3-BF4B-00C04F79EFBC}") = "SortMusic", "SortMusic\SortMusic.csproj", "{D4DA5A7B-9019-4301-ADE2-62726E7FCB15}"
EndProject
Project("{FAE04EC0-301F-11D3-BF4B-00C04F79EFBC}") = "BuisnessObject", "BuisnessObject\BuisnessObject.csproj", "{919C3499-2FFF-4C04-A73C-8E6C6CC70DC7}"
EndProject
Project("{FAE04EC0-301F-11D3-BF4B-00C04F79EFBC}") = "DAO", "DAO\DAO.csproj", "{26E2FC7C-347F-4DE1-B61A-C3FEEBAA6BA3}"
EndProject
Project("{FAE04EC0-301F-11D3-BF4B-00C04F79EFBC}") = "UnitTest", "UnitTest\UnitTest.csproj", "{3A97C66A-E987-43A3-8471-57501C71BEB4}"
EndProject
Global
	GlobalSection(SolutionConfigurationPlatforms) = preSolution
		Debug|Any CPU = Debug|Any CPU
		Release|Any CPU = Release|Any CPU
	EndGlobalSection
	GlobalSection(ProjectConfigurationPlatforms) = postSolution
		{D4DA5A7B-9019-4301-ADE2-62726E7FCB15}.Debug|Any CPU.ActiveCfg = Debug|Any CPU
		{D4DA5A7B-9019-4301-ADE2-62726E7FCB15}.Debug|Any CPU.Build.0 = Debug|Any CPU
		{D4DA5A7B-9019-4301-ADE2-62726E7FCB15}.Release|Any CPU.ActiveCfg = Release|Any CPU
		{D4DA5A7B-9019-4301-ADE2-62726E7FCB15}.Release|Any CPU.Build.0 = Release|Any CPU
		{919C3499-2FFF-4C04-A73C-8E6C6CC70DC7}.Debug|Any CPU.ActiveCfg = Debug|Any CPU
		{919C3499-2FFF-4C04-A73C-8E6C6CC70DC7}.Debug|Any CPU.Build.0 = Debug|Any CPU
		{919C3499-2FFF-4C04-A73C-8E6C6CC70DC7}.Release|Any CPU.ActiveCfg = Release|Any CPU
		{919C3499-2FFF-4C04-A73C-8E6C6CC70DC7}.Release|Any CPU.Build.0 = Release|Any CPU
		{26E2FC7C-347F-4DE1-B61A-C3FEEBAA6BA3}.Debug|Any CPU.ActiveCfg = Debug|Any CPU
		{26E2FC7C-347F-4DE1-B61A-C3FEEBAA6BA3}.Debug|Any CPU.Build.0 = Debug|Any CPU
		{26E2FC7C-347F-4DE1-B61A-C3FEEBAA6BA3}.Release|Any CPU.ActiveCfg = Release|Any CPU
		{26E2FC7C-347F-4DE1-B61A-C3FEEBAA6BA3}.Release|Any CPU.Build.0 = Release|Any CPU
		{3A97C66A-E987-43A3-8471-57501C71BEB4}.Debug|Any CPU.ActiveCfg = Debug|Any CPU
		{3A97C66A-E987-43A3-8471-57501C71BEB4}.Debug|Any CPU.Build.0 = Debug|Any CPU
		{3A97C66A-E987-43A3-8471-57501C71BEB4}.Release|Any CPU.ActiveCfg = Release|Any CPU
		{3A97C66A-E987-43A3-8471-57501C71BEB4}.Release|Any CPU.Build.0 = Release|Any CPU
	EndGlobalSection
	GlobalSection(SolutionProperties) = preSolution
		HideSolutionNode = FALSE
	EndGlobalSection
	GlobalSection(ExtensibilityGlobals) = postSolution
		SolutionGuid = {2D0C7028-429F-4DE0-B271-26AC23C0C467}
	EndGlobalSection
EndGlobal
